PODS:
  - CocoaAsyncSocket (7.6.5)
  - libextobjc (0.6):
    - libextobjc/EXTADT (= 0.6)
    - libextobjc/EXTConcreteProtocol (= 0.6)
    - libextobjc/EXTKeyPathCoding (= 0.6)
    - libextobjc/EXTNil (= 0.6)
    - libextobjc/EXTSafeCategory (= 0.6)
    - libextobjc/EXTScope (= 0.6)
    - libextobjc/EXTSelectorChecking (= 0.6)
    - libextobjc/EXTSynthesize (= 0.6)
    - "libextobjc/NSInvocation+EXT (= 0.6)"
    - "libextobjc/NSMethodSignature+EXT (= 0.6)"
    - libextobjc/RuntimeExtensions (= 0.6)
    - libextobjc/UmbrellaHeader (= 0.6)
  - libextobjc/EXTADT (0.6):
    - libextobjc/RuntimeExtensions
  - libextobjc/EXTConcreteProtocol (0.6):
    - libextobjc/RuntimeExtensions
  - libextobjc/EXTKeyPathCoding (0.6):
    - libextobjc/RuntimeExtensions
  - libextobjc/EXTNil (0.6):
    - libextobjc/RuntimeExtensions
  - libextobjc/EXTSafeCategory (0.6):
    - libextobjc/RuntimeExtensions
  - libextobjc/EXTScope (0.6):
    - libextobjc/RuntimeExtensions
  - libextobjc/EXTSelectorChecking (0.6):
    - libextobjc/RuntimeExtensions
  - libextobjc/EXTSynthesize (0.6):
    - libextobjc/RuntimeExtensions
  - "libextobjc/NSInvocation+EXT (0.6)":
    - libextobjc/RuntimeExtensions
  - "libextobjc/NSMethodSignature+EXT (0.6)":
    - libextobjc/RuntimeExtensions
  - libextobjc/RuntimeExtensions (0.6)
  - libextobjc/UmbrellaHeader (0.6)
  - Masonry (1.1.0)
  - SDWebImage (5.12.1):
    - SDWebImage/Core (= 5.12.1)
  - SDWebImage/Core (5.12.1)
  - SVProgressHUD (2.2.5)
  - TuyaCommercialLightingKit (1.11.0):
    - TuyaSmartBaseKit
    - TuyaSmartBLEKit
    - TuyaSmartBLEMeshKit
    - TuyaSmartDeviceCoreKit
    - TuyaSmartUserToBKit
    - TYBluetooth
  - TuyaSmartActivatorCoreKit (3.28.5):
    - TuyaSmartDeviceCoreKit
  - TuyaSmartBaseKit (3.29.0):
    - TuyaSmartNetworkKit
    - TuyaSmartUtil
    - YYModel
  - TuyaSmartBLEKit (3.29.5):
    - TuyaSmartBaseKit
    - TuyaSmartDeviceCoreKit
    - TYBluetooth (< 10.0)
  - TuyaSmartBLEMeshKit (3.29.5):
    - TuyaSmartActivatorCoreKit
    - TuyaSmartBaseKit
    - TuyaSmartBLEKit
    - TuyaSmartDeviceCoreKit (>= 3.20.0)
    - TYBluetooth (< 10.0)
  - TuyaSmartDeviceCoreKit (3.29.6):
    - TuyaSmartBaseKit
    - TuyaSmartMQTTChannelKit
    - TuyaSmartSocketChannelKit
  - TuyaSmartMQTTChannelKit (3.29.0):
    - TuyaSmartBaseKit
    - TuyaSmartQUIC
  - TuyaSmartNetworkKit (3.29.0):
    - TuyaSmartUtil
    - YYModel
  - TuyaSmartQUIC (1.1.2)
  - TuyaSmartSocketChannelKit (3.27.1):
    - CocoaAsyncSocket (>= 7.4.3)
    - TuyaSmartBaseKit
  - TuyaSmartUserToBKit (3.26.6):
    - TuyaSmartBaseKit
  - TuyaSmartUtil (3.26.6)
  - TYBluetooth (3.29.5)
  - YYModel (1.0.4)

DEPENDENCIES:
  - libextobjc
  - Masonry
  - SDWebImage
  - SVProgressHUD
  - TuyaCommercialLightingKit (= 1.11.0)
  - TuyaSmartUserToBKit (= 3.26.6)

SPEC REPOS:
  trunk:
    - CocoaAsyncSocket
    - libextobjc
    - Masonry
    - SDWebImage
    - SVProgressHUD
    - TuyaCommercialLightingKit
    - TuyaSmartActivatorCoreKit
    - TuyaSmartBaseKit
    - TuyaSmartBLEKit
    - TuyaSmartBLEMeshKit
    - TuyaSmartDeviceCoreKit
    - TuyaSmartMQTTChannelKit
    - TuyaSmartNetworkKit
    - TuyaSmartQUIC
    - TuyaSmartSocketChannelKit
    - TuyaSmartUserToBKit
    - TuyaSmartUtil
    - TYBluetooth
    - YYModel

SPEC CHECKSUMS:
  CocoaAsyncSocket: 065fd1e645c7abab64f7a6a2007a48038fdc6a99
  libextobjc: aed8b7d2b07f511c1a7ecaacb33ea03e327c69b7
  Masonry: 678fab65091a9290e40e2832a55e7ab731aad201
  SDWebImage: 4dc3e42d9ec0c1028b960a33ac6b637bb432207b
  SVProgressHUD: 1428aafac632c1f86f62aa4243ec12008d7a51d6
  TuyaCommercialLightingKit: b8bacc14a824bc7a20e4bf2426c564ac4836bccd
  TuyaSmartActivatorCoreKit: e1f067ad69775dccf0b34bff91624d1691490513
  TuyaSmartBaseKit: 5106eaeea224d0c5acd89c3634b11716240d22ad
  TuyaSmartBLEKit: 76b8503cd2e24ebbe68dd308f6e0c5e0c2c86a59
  TuyaSmartBLEMeshKit: 628e942950f23a53e16ca44000daa850f6bb4e66
  TuyaSmartDeviceCoreKit: 03096c89fb7f83ac326d336a54614deb4bbf1165
  TuyaSmartMQTTChannelKit: ae3c1d821fbc5a1a75541302ff56fd06e5ed8877
  TuyaSmartNetworkKit: f71a028a465ef10b5d47361fc7dcf0cae2547dc2
  TuyaSmartQUIC: e8407fa527877451820595dc6977e28d0af4825c
  TuyaSmartSocketChannelKit: 32cea8e1bc03432ad244d13199e90ecba175aeb4
  TuyaSmartUserToBKit: 2e0b623419f1bc8f516c118b3b60a4b666a6e0f9
  TuyaSmartUtil: f43d2102d6bc5888aac9aefa9e1fb6f16e1ba852
  TYBluetooth: 4b78b2cae6cfa4f86633e79bad030e21450ce642
  YYModel: 2a7fdd96aaa4b86a824e26d0c517de8928c04b30

PODFILE CHECKSUM: 271f5abbc9b252ed618c83a33a9bcb49214b013a

COCOAPODS: 1.10.2
